
Microsoft Visual Studio Solution File, Format Version 12.00
# Visual Studio Version 16
VisualStudioVersion = 16.0.30204.135
MinimumVisualStudioVersion = 10.0.40219.1
Project("{FAE04EC0-301F-11D3-BF4B-00C04F79EFBC}") = "QuanLiNhaHang_API", "QuanLiNhaHang_API\QuanLiNhaHang_API.csproj", "{97ED7588-89E4-44B3-91CE-12CCCA7DEC29}"
EndProject
Global
	GlobalSection(SolutionConfigurationPlatforms) = preSolution
		Debug|Any CPU = Debug|Any CPU
		Release|Any CPU = Release|Any CPU
	EndGlobalSection
	GlobalSection(ProjectConfigurationPlatforms) = postSolution
		{97ED7588-89E4-44B3-91CE-12CCCA7DEC29}.Debug|Any CPU.ActiveCfg = Debug|Any CPU
		{97ED7588-89E4-44B3-91CE-12CCCA7DEC29}.Debug|Any CPU.Build.0 = Debug|Any CPU
		{97ED7588-89E4-44B3-91CE-12CCCA7DEC29}.Release|Any CPU.ActiveCfg = Release|Any CPU
		{97ED7588-89E4-44B3-91CE-12CCCA7DEC29}.Release|Any CPU.Build.0 = Release|Any CPU
	EndGlobalSection
	GlobalSection(SolutionProperties) = preSolution
		HideSolutionNode = FALSE
	EndGlobalSection
	GlobalSection(ExtensibilityGlobals) = postSolution
		SolutionGuid = {6E2E547E-83C2-458D-91CB-F3CA9FC41A65}
	EndGlobalSection
EndGlobal
